{
  "name": "sweetaste",
  "version": "1.0.0",
  "lockfileVersion": 1,
  "requires": true,
  "dependencies": {
    "tw-city-selector": {
      "version": "1.0.12",
      "resolved": "https://registry.npmjs.org/tw-city-selector/-/tw-city-selector-1.0.12.tgz",
      "integrity": "sha512-/An2wgmh8LOi8H40ibJfxgULP34lMnItsnzSXtUSDxMl22IP/ysozPl8Tpu2mDqxTrDkMx4K1YqOhdTxUWv0Dw=="
    }
  }
}
